// !$*UTF8*$!
{
	archiveVersion = 1;
	classes = {
	};
	objectVersion = 56;
	objects = {

/* Begin PBXBuildFile section */
		C93C77692A70B49900A2BC1F /* MovieAppApp.swift in Sources */ = {isa = PBXBuildFile; fileRef = C93C77682A70B49900A2BC1F /* MovieAppApp.swift */; };
		C93C776B2A70B49900A2BC1F /* ContentView.swift in Sources */ = {isa = PBXBuildFile; fileRef = C93C776A2A70B49900A2BC1F /* ContentView.swift */; };
		C93C776D2A70B49A00A2BC1F /* Assets.xcassets in Resources */ = {isa = PBXBuildFile; fileRef = C93C776C2A70B49A00A2BC1F /* Assets.xcassets */; };
		C93C77712A70B49A00A2BC1F /* Preview Assets.xcassets in Resources */ = {isa = PBXBuildFile; fileRef = C93C77702A70B49A00A2BC1F /* Preview Assets.xcassets */; };
		C93C777B2A70B49A00A2BC1F /* MovieAppTests.swift in Sources */ = {isa = PBXBuildFile; fileRef = C93C777A2A70B49A00A2BC1F /* MovieAppTests.swift */; };
		C93C779E2A70B68400A2BC1F /* EndPoint.swift in Sources */ = {isa = PBXBuildFile; fileRef = C93C779D2A70B68400A2BC1F /* EndPoint.swift */; };
		C93C77A02A70B69400A2BC1F /* NetworkService.swift in Sources */ = {isa = PBXBuildFile; fileRef = C93C779F2A70B69400A2BC1F /* NetworkService.swift */; };
		C93C77A22A70B6C300A2BC1F /* Constants.swift in Sources */ = {isa = PBXBuildFile; fileRef = C93C77A12A70B6C300A2BC1F /* Constants.swift */; };
		C93C77A42A70B7B700A2BC1F /* Movie.swift in Sources */ = {isa = PBXBuildFile; fileRef = C93C77A32A70B7B700A2BC1F /* Movie.swift */; };
		C93C77A62A70B7D300A2BC1F /* MoviesDiscoveryResponse.swift in Sources */ = {isa = PBXBuildFile; fileRef = C93C77A52A70B7D300A2BC1F /* MoviesDiscoveryResponse.swift */; };
		C93C77A92A70B80500A2BC1F /* MoviesDiscoveryEndPoint.swift in Sources */ = {isa = PBXBuildFile; fileRef = C93C77A82A70B80500A2BC1F /* MoviesDiscoveryEndPoint.swift */; };
		C93C77B42A70B9EC00A2BC1F /* MoviesDiscoveryView.swift in Sources */ = {isa = PBXBuildFile; fileRef = C93C77B32A70B9EC00A2BC1F /* MoviesDiscoveryView.swift */; };
		C93C77B62A70BA0300A2BC1F /* MoviesDiscoveryViewModel.swift in Sources */ = {isa = PBXBuildFile; fileRef = C93C77B52A70BA0300A2BC1F /* MoviesDiscoveryViewModel.swift */; };
/* End PBXBuildFile section */

/* Begin PBXContainerItemProxy section */
		C93C77772A70B49A00A2BC1F /* PBXContainerItemProxy */ = {
			isa = PBXContainerItemProxy;
			containerPortal = C93C775D2A70B49900A2BC1F /* Project object */;
			proxyType = 1;
			remoteGlobalIDString = C93C77642A70B49900A2BC1F;
			remoteInfo = MovieApp;
		};
/* End PBXContainerItemProxy section */

/* Begin PBXFileReference section */
		C93C77652A70B49900A2BC1F /* MovieApp.app */ = {isa = PBXFileReference; explicitFileType = wrapper.application; includeInIndex = 0; path = MovieApp.app; sourceTree = BUILT_PRODUCTS_DIR; };
		C93C77682A70B49900A2BC1F /* MovieAppApp.swift */ = {isa = PBXFileReference; lastKnownFileType = sourcecode.swift; path = MovieAppApp.swift; sourceTree = "<group>"; };
		C93C776A2A70B49900A2BC1F /* ContentView.swift */ = {isa = PBXFileReference; lastKnownFileType = sourcecode.swift; path = ContentView.swift; sourceTree = "<group>"; };
		C93C776C2A70B49A00A2BC1F /* Assets.xcassets */ = {isa = PBXFileReference; lastKnownFileType = folder.assetcatalog; path = Assets.xcassets; sourceTree = "<group>"; };
		C93C776E2A70B49A00A2BC1F /* MovieApp.entitlements */ = {isa = PBXFileReference; lastKnownFileType = text.plist.entitlements; path = MovieApp.entitlements; sourceTree = "<group>"; };
		C93C77702A70B49A00A2BC1F /* Preview Assets.xcassets */ = {isa = PBXFileReference; lastKnownFileType = folder.assetcatalog; path = "Preview Assets.xcassets"; sourceTree = "<group>"; };
		C93C77762A70B49A00A2BC1F /* MovieAppTests.xctest */ = {isa = PBXFileReference; explicitFileType = wrapper.cfbundle; includeInIndex = 0; path = MovieAppTests.xctest; sourceTree = BUILT_PRODUCTS_DIR; };
		C93C777A2A70B49A00A2BC1F /* MovieAppTests.swift */ = {isa = PBXFileReference; lastKnownFileType = sourcecode.swift; path = MovieAppTests.swift; sourceTree = "<group>"; };
		C93C779D2A70B68400A2BC1F /* EndPoint.swift */ = {isa = PBXFileReference; lastKnownFileType = sourcecode.swift; path = EndPoint.swift; sourceTree = "<group>"; };
		C93C779F2A70B69400A2BC1F /* NetworkService.swift */ = {isa = PBXFileReference; lastKnownFileType = sourcecode.swift; path = NetworkService.swift; sourceTree = "<group>"; };
		C93C77A12A70B6C300A2BC1F /* Constants.swift */ = {isa = PBXFileReference; lastKnownFileType = sourcecode.swift; path = Constants.swift; sourceTree = "<group>"; };
		C93C77A32A70B7B700A2BC1F /* Movie.swift */ = {isa = PBXFileReference; lastKnownFileType = sourcecode.swift; path = Movie.swift; sourceTree = "<group>"; };
		C93C77A52A70B7D300A2BC1F /* MoviesDiscoveryResponse.swift */ = {isa = PBXFileReference; lastKnownFileType = sourcecode.swift; path = MoviesDiscoveryResponse.swift; sourceTree = "<group>"; };
		C93C77A82A70B80500A2BC1F /* MoviesDiscoveryEndPoint.swift */ = {isa = PBXFileReference; lastKnownFileType = sourcecode.swift; path = MoviesDiscoveryEndPoint.swift; sourceTree = "<group>"; };
		C93C77B32A70B9EC00A2BC1F /* MoviesDiscoveryView.swift */ = {isa = PBXFileReference; lastKnownFileType = sourcecode.swift; path = MoviesDiscoveryView.swift; sourceTree = "<group>"; };
		C93C77B52A70BA0300A2BC1F /* MoviesDiscoveryViewModel.swift */ = {isa = PBXFileReference; lastKnownFileType = sourcecode.swift; path = MoviesDiscoveryViewModel.swift; sourceTree = "<group>"; };
/* End PBXFileReference section */

/* Begin PBXFrameworksBuildPhase section */
		C93C77622A70B49900A2BC1F /* Frameworks */ = {
			isa = PBXFrameworksBuildPhase;
			buildActionMask = 2147483647;
			files = (
			);
			runOnlyForDeploymentPostprocessing = 0;
		};
		C93C77732A70B49A00A2BC1F /* Frameworks */ = {
			isa = PBXFrameworksBuildPhase;
			buildActionMask = 2147483647;
			files = (
			);
			runOnlyForDeploymentPostprocessing = 0;
		};
/* End PBXFrameworksBuildPhase section */

/* Begin PBXGroup section */
		C93C775C2A70B49900A2BC1F = {
			isa = PBXGroup;
			children = (
				C93C77672A70B49900A2BC1F /* MovieApp */,
				C93C77792A70B49A00A2BC1F /* MovieAppTests */,
				C93C77662A70B49900A2BC1F /* Products */,
			);
			sourceTree = "<group>";
		};
		C93C77662A70B49900A2BC1F /* Products */ = {
			isa = PBXGroup;
			children = (
				C93C77652A70B49900A2BC1F /* MovieApp.app */,
				C93C77762A70B49A00A2BC1F /* MovieAppTests.xctest */,
			);
			name = Products;
			sourceTree = "<group>";
		};
		C93C77672A70B49900A2BC1F /* MovieApp */ = {
			isa = PBXGroup;
			children = (
				C93C77932A70B4BB00A2BC1F /* App */,
				C93C77942A70B4C100A2BC1F /* Models */,
				C93C77952A70B4CB00A2BC1F /* Services */,
				C93C77962A70B4D000A2BC1F /* Modules */,
				C93C77972A70B4E200A2BC1F /* Utils */,
				C93C77982A70B4F100A2BC1F /* Assets */,
			);
			path = MovieApp;
			sourceTree = "<group>";
		};
		C93C776F2A70B49A00A2BC1F /* Preview Content */ = {
			isa = PBXGroup;
			children = (
				C93C77702A70B49A00A2BC1F /* Preview Assets.xcassets */,
			);
			path = "Preview Content";
			sourceTree = "<group>";
		};
		C93C77792A70B49A00A2BC1F /* MovieAppTests */ = {
			isa = PBXGroup;
			children = (
				C93C777A2A70B49A00A2BC1F /* MovieAppTests.swift */,
			);
			path = MovieAppTests;
			sourceTree = "<group>";
		};
		C93C77932A70B4BB00A2BC1F /* App */ = {
			isa = PBXGroup;
			children = (
				C93C77A12A70B6C300A2BC1F /* Constants.swift */,
				C93C776A2A70B49900A2BC1F /* ContentView.swift */,
				C93C77682A70B49900A2BC1F /* MovieAppApp.swift */,
				C93C776E2A70B49A00A2BC1F /* MovieApp.entitlements */,
			);
			path = App;
			sourceTree = "<group>";
		};
		C93C77942A70B4C100A2BC1F /* Models */ = {
			isa = PBXGroup;
			children = (
				C93C77A32A70B7B700A2BC1F /* Movie.swift */,
				C93C77A52A70B7D300A2BC1F /* MoviesDiscoveryResponse.swift */,
			);
			path = Models;
			sourceTree = "<group>";
		};
		C93C77952A70B4CB00A2BC1F /* Services */ = {
			isa = PBXGroup;
			children = (
				C93C779B2A70B66400A2BC1F /* NetworkService */,
			);
			path = Services;
			sourceTree = "<group>";
		};
		C93C77962A70B4D000A2BC1F /* Modules */ = {
			isa = PBXGroup;
			children = (
				C93C77B22A70B9DE00A2BC1F /* MoviesDiscovery */,
			);
			path = Modules;
			sourceTree = "<group>";
		};
		C93C77972A70B4E200A2BC1F /* Utils */ = {
			isa = PBXGroup;
			children = (
			);
			path = Utils;
			sourceTree = "<group>";
		};
		C93C77982A70B4F100A2BC1F /* Assets */ = {
			isa = PBXGroup;
			children = (
				C93C776C2A70B49A00A2BC1F /* Assets.xcassets */,
				C93C776F2A70B49A00A2BC1F /* Preview Content */,
			);
			path = Assets;
			sourceTree = "<group>";
		};
		C93C779B2A70B66400A2BC1F /* NetworkService */ = {
			isa = PBXGroup;
			children = (
				C93C779C2A70B67300A2BC1F /* Core */,
				C93C77A72A70B7FA00A2BC1F /* EndPoints */,
			);
			path = NetworkService;
			sourceTree = "<group>";
		};
		C93C779C2A70B67300A2BC1F /* Core */ = {
			isa = PBXGroup;
			children = (
				C93C779D2A70B68400A2BC1F /* EndPoint.swift */,
				C93C779F2A70B69400A2BC1F /* NetworkService.swift */,
			);
			path = Core;
			sourceTree = "<group>";
		};
		C93C77A72A70B7FA00A2BC1F /* EndPoints */ = {
			isa = PBXGroup;
			children = (
				C93C77A82A70B80500A2BC1F /* MoviesDiscoveryEndPoint.swift */,
			);
			path = EndPoints;
			sourceTree = "<group>";
		};
		C93C77B22A70B9DE00A2BC1F /* MoviesDiscovery */ = {
			isa = PBXGroup;
			children = (
				C93C77B32A70B9EC00A2BC1F /* MoviesDiscoveryView.swift */,
				C93C77B52A70BA0300A2BC1F /* MoviesDiscoveryViewModel.swift */,
			);
			path = MoviesDiscovery;
			sourceTree = "<group>";
		};
/* End PBXGroup section */

/* Begin PBXNativeTarget section */
		C93C77642A70B49900A2BC1F /* MovieApp */ = {
			isa = PBXNativeTarget;
			buildConfigurationList = C93C778A2A70B49A00A2BC1F /* Build configuration list for PBXNativeTarget "MovieApp" */;
			buildPhases = (
				C93C77612A70B49900A2BC1F /* Sources */,
				C93C77622A70B49900A2BC1F /* Frameworks */,
				C93C77632A70B49900A2BC1F /* Resources */,
			);
			buildRules = (
			);
			dependencies = (
			);
			name = MovieApp;
			productName = MovieApp;
			productReference = C93C77652A70B49900A2BC1F /* MovieApp.app */;
			productType = "com.apple.product-type.application";
		};
		C93C77752A70B49A00A2BC1F /* MovieAppTests */ = {
			isa = PBXNativeTarget;
			buildConfigurationList = C93C778D2A70B49A00A2BC1F /* Build configuration list for PBXNativeTarget "MovieAppTests" */;
			buildPhases = (
				C93C77722A70B49A00A2BC1F /* Sources */,
				C93C77732A70B49A00A2BC1F /* Frameworks */,
				C93C77742A70B49A00A2BC1F /* Resources */,
			);
			buildRules = (
			);
			dependencies = (
				C93C77782A70B49A00A2BC1F /* PBXTargetDependency */,
			);
			name = MovieAppTests;
			productName = MovieAppTests;
			productReference = C93C77762A70B49A00A2BC1F /* MovieAppTests.xctest */;
			productType = "com.apple.product-type.bundle.unit-test";
		};
/* End PBXNativeTarget section */

/* Begin PBXProject section */
		C93C775D2A70B49900A2BC1F /* Project object */ = {
			isa = PBXProject;
			attributes = {
				BuildIndependentTargetsInParallel = 1;
				LastSwiftUpdateCheck = 1410;
				LastUpgradeCheck = 1410;
				TargetAttributes = {
					C93C77642A70B49900A2BC1F = {
						CreatedOnToolsVersion = 14.1;
					};
					C93C77752A70B49A00A2BC1F = {
						CreatedOnToolsVersion = 14.1;
						TestTargetID = C93C77642A70B49900A2BC1F;
					};
				};
			};
			buildConfigurationList = C93C77602A70B49900A2BC1F /* Build configuration list for PBXProject "MovieApp" */;
			compatibilityVersion = "Xcode 14.0";
			developmentRegion = en;
			hasScannedForEncodings = 0;
			knownRegions = (
				en,
				Base,
			);
			mainGroup = C93C775C2A70B49900A2BC1F;
			productRefGroup = C93C77662A70B49900A2BC1F /* Products */;
			projectDirPath = "";
			projectRoot = "";
			targets = (
				C93C77642A70B49900A2BC1F /* MovieApp */,
				C93C77752A70B49A00A2BC1F /* MovieAppTests */,
			);
		};
/* End PBXProject section */

/* Begin PBXResourcesBuildPhase section */
		C93C77632A70B49900A2BC1F /* Resources */ = {
			isa = PBXResourcesBuildPhase;
			buildActionMask = 2147483647;
			files = (
				C93C77712A70B49A00A2BC1F /* Preview Assets.xcassets in Resources */,
				C93C776D2A70B49A00A2BC1F /* Assets.xcassets in Resources */,
			);
			runOnlyForDeploymentPostprocessing = 0;
		};
		C93C77742A70B49A00A2BC1F /* Resources */ = {
			isa = PBXResourcesBuildPhase;
			buildActionMask = 2147483647;
			files = (
			);
			runOnlyForDeploymentPostprocessing = 0;
		};
/* End PBXResourcesBuildPhase section */

/* Begin PBXSourcesBuildPhase section */
		C93C77612A70B49900A2BC1F /* Sources */ = {
			isa = PBXSourcesBuildPhase;
			buildActionMask = 2147483647;
			files = (
				C93C77A62A70B7D300A2BC1F /* MoviesDiscoveryResponse.swift in Sources */,
				C93C77A22A70B6C300A2BC1F /* Constants.swift in Sources */,
				C93C779E2A70B68400A2BC1F /* EndPoint.swift in Sources */,
				C93C77A42A70B7B700A2BC1F /* Movie.swift in Sources */,
				C93C77B42A70B9EC00A2BC1F /* MoviesDiscoveryView.swift in Sources */,
				C93C77A92A70B80500A2BC1F /* MoviesDiscoveryEndPoint.swift in Sources */,
				C93C776B2A70B49900A2BC1F /* ContentView.swift in Sources */,
				C93C77A02A70B69400A2BC1F /* NetworkService.swift in Sources */,
				C93C77B62A70BA0300A2BC1F /* MoviesDiscoveryViewModel.swift in Sources */,
				C93C77692A70B49900A2BC1F /* MovieAppApp.swift in Sources */,
			);
			runOnlyForDeploymentPostprocessing = 0;
		};
		C93C77722A70B49A00A2BC1F /* Sources */ = {
			isa = PBXSourcesBuildPhase;
			buildActionMask = 2147483647;
			files = (
				C93C777B2A70B49A00A2BC1F /* MovieAppTests.swift in Sources */,
			);
			runOnlyForDeploymentPostprocessing = 0;
		};
/* End PBXSourcesBuildPhase section */

/* Begin PBXTargetDependency section */
		C93C77782A70B49A00A2BC1F /* PBXTargetDependency */ = {
			isa = PBXTargetDependency;
			target = C93C77642A70B49900A2BC1F /* MovieApp */;
			targetProxy = C93C77772A70B49A00A2BC1F /* PBXContainerItemProxy */;
		};
/* End PBXTargetDependency section */

/* Begin XCBuildConfiguration section */
		C93C77882A70B49A00A2BC1F /* Debug */ = {
			isa = XCBuildConfiguration;
			buildSettings = {
				ALWAYS_SEARCH_USER_PATHS = NO;
				CLANG_ANALYZER_NONNULL = YES;
				CLANG_ANALYZER_NUMBER_OBJECT_CONVERSION = YES_AGGRESSIVE;
				CLANG_CXX_LANGUAGE_STANDARD = "gnu++20";
				CLANG_ENABLE_MODULES = YES;
				CLANG_ENABLE_OBJC_ARC = YES;
				CLANG_ENABLE_OBJC_WEAK = YES;
				CLANG_WARN_BLOCK_CAPTURE_AUTORELEASING = YES;
				CLANG_WARN_BOOL_CONVERSION = YES;
				CLANG_WARN_COMMA = YES;
				CLANG_WARN_CONSTANT_CONVERSION = YES;
				CLANG_WARN_DEPRECATED_OBJC_IMPLEMENTATIONS = YES;
				CLANG_WARN_DIRECT_OBJC_ISA_USAGE = YES_ERROR;
				CLANG_WARN_DOCUMENTATION_COMMENTS = YES;
				CLANG_WARN_EMPTY_BODY = YES;
				CLANG_WARN_ENUM_CONVERSION = YES;
				CLANG_WARN_INFINITE_RECURSION = YES;
				CLANG_WARN_INT_CONVERSION = YES;
				CLANG_WARN_NON_LITERAL_NULL_CONVERSION = YES;
				CLANG_WARN_OBJC_IMPLICIT_RETAIN_SELF = YES;
				CLANG_WARN_OBJC_LITERAL_CONVERSION = YES;
				CLANG_WARN_OBJC_ROOT_CLASS = YES_ERROR;
				CLANG_WARN_QUOTED_INCLUDE_IN_FRAMEWORK_HEADER = YES;
				CLANG_WARN_RANGE_LOOP_ANALYSIS = YES;
				CLANG_WARN_STRICT_PROTOTYPES = YES;
				CLANG_WARN_SUSPICIOUS_MOVE = YES;
				CLANG_WARN_UNGUARDED_AVAILABILITY = YES_AGGRESSIVE;
				CLANG_WARN_UNREACHABLE_CODE = YES;
				CLANG_WARN__DUPLICATE_METHOD_MATCH = YES;
				COPY_PHASE_STRIP = NO;
				DEBUG_INFORMATION_FORMAT = dwarf;
				ENABLE_STRICT_OBJC_MSGSEND = YES;
				ENABLE_TESTABILITY = YES;
				GCC_C_LANGUAGE_STANDARD = gnu11;
				GCC_DYNAMIC_NO_PIC = NO;
				GCC_NO_COMMON_BLOCKS = YES;
				GCC_OPTIMIZATION_LEVEL = 0;
				GCC_PREPROCESSOR_DEFINITIONS = (
					"DEBUG=1",
					"$(inherited)",
				);
				GCC_WARN_64_TO_32_BIT_CONVERSION = YES;
				GCC_WARN_ABOUT_RETURN_TYPE = YES_ERROR;
				GCC_WARN_UNDECLARED_SELECTOR = YES;
				GCC_WARN_UNINITIALIZED_AUTOS = YES_AGGRESSIVE;
				GCC_WARN_UNUSED_FUNCTION = YES;
				GCC_WARN_UNUSED_VARIABLE = YES;
				MTL_ENABLE_DEBUG_INFO = INCLUDE_SOURCE;
				MTL_FAST_MATH = YES;
				ONLY_ACTIVE_ARCH = YES;
				SWIFT_ACTIVE_COMPILATION_CONDITIONS = DEBUG;
				SWIFT_OPTIMIZATION_LEVEL = "-Onone";
			};
			name = Debug;
		};
		C93C77892A70B49A00A2BC1F /* Release */ = {
			isa = XCBuildConfiguration;
			buildSettings = {
				ALWAYS_SEARCH_USER_PATHS = NO;
				CLANG_ANALYZER_NONNULL = YES;
				CLANG_ANALYZER_NUMBER_OBJECT_CONVERSION = YES_AGGRESSIVE;
				CLANG_CXX_LANGUAGE_STANDARD = "gnu++20";
				CLANG_ENABLE_MODULES = YES;
				CLANG_ENABLE_OBJC_ARC = YES;
				CLANG_ENABLE_OBJC_WEAK = YES;
				CLANG_WARN_BLOCK_CAPTURE_AUTORELEASING = YES;
				CLANG_WARN_BOOL_CONVERSION = YES;
				CLANG_WARN_COMMA = YES;
				CLANG_WARN_CONSTANT_CONVERSION = YES;
				CLANG_WARN_DEPRECATED_OBJC_IMPLEMENTATIONS = YES;
				CLANG_WARN_DIRECT_OBJC_ISA_USAGE = YES_ERROR;
				CLANG_WARN_DOCUMENTATION_COMMENTS = YES;
				CLANG_WARN_EMPTY_BODY = YES;
				CLANG_WARN_ENUM_CONVERSION = YES;
				CLANG_WARN_INFINITE_RECURSION = YES;
				CLANG_WARN_INT_CONVERSION = YES;
				CLANG_WARN_NON_LITERAL_NULL_CONVERSION = YES;
				CLANG_WARN_OBJC_IMPLICIT_RETAIN_SELF = YES;
				CLANG_WARN_OBJC_LITERAL_CONVERSION = YES;
				CLANG_WARN_OBJC_ROOT_CLASS = YES_ERROR;
				CLANG_WARN_QUOTED_INCLUDE_IN_FRAMEWORK_HEADER = YES;
				CLANG_WARN_RANGE_LOOP_ANALYSIS = YES;
				CLANG_WARN_STRICT_PROTOTYPES = YES;
				CLANG_WARN_SUSPICIOUS_MOVE = YES;
				CLANG_WARN_UNGUARDED_AVAILABILITY = YES_AGGRESSIVE;
				CLANG_WARN_UNREACHABLE_CODE = YES;
				CLANG_WARN__DUPLICATE_METHOD_MATCH = YES;
				COPY_PHASE_STRIP = NO;
				DEBUG_INFORMATION_FORMAT = "dwarf-with-dsym";
				ENABLE_NS_ASSERTIONS = NO;
				ENABLE_STRICT_OBJC_MSGSEND = YES;
				GCC_C_LANGUAGE_STANDARD = gnu11;
				GCC_NO_COMMON_BLOCKS = YES;
				GCC_WARN_64_TO_32_BIT_CONVERSION = YES;
				GCC_WARN_ABOUT_RETURN_TYPE = YES_ERROR;
				GCC_WARN_UNDECLARED_SELECTOR = YES;
				GCC_WARN_UNINITIALIZED_AUTOS = YES_AGGRESSIVE;
				GCC_WARN_UNUSED_FUNCTION = YES;
				GCC_WARN_UNUSED_VARIABLE = YES;
				MTL_ENABLE_DEBUG_INFO = NO;
				MTL_FAST_MATH = YES;
				SWIFT_COMPILATION_MODE = wholemodule;
				SWIFT_OPTIMIZATION_LEVEL = "-O";
			};
			name = Release;
		};
		C93C778B2A70B49A00A2BC1F /* Debug */ = {
			isa = XCBuildConfiguration;
			buildSettings = {
				ASSETCATALOG_COMPILER_APPICON_NAME = AppIcon;
				ASSETCATALOG_COMPILER_GLOBAL_ACCENT_COLOR_NAME = AccentColor;
				CODE_SIGN_ENTITLEMENTS = MovieApp/App/MovieApp.entitlements;
				CODE_SIGN_STYLE = Automatic;
				CURRENT_PROJECT_VERSION = 1;
				DEVELOPMENT_ASSET_PATHS = "\"MovieApp/Assets/Preview Content\"";
				ENABLE_PREVIEWS = YES;
				GENERATE_INFOPLIST_FILE = YES;
				"INFOPLIST_KEY_UIApplicationSceneManifest_Generation[sdk=iphoneos*]" = YES;
				"INFOPLIST_KEY_UIApplicationSceneManifest_Generation[sdk=iphonesimulator*]" = YES;
				"INFOPLIST_KEY_UIApplicationSupportsIndirectInputEvents[sdk=iphoneos*]" = YES;
				"INFOPLIST_KEY_UIApplicationSupportsIndirectInputEvents[sdk=iphonesimulator*]" = YES;
				"INFOPLIST_KEY_UILaunchScreen_Generation[sdk=iphoneos*]" = YES;
				"INFOPLIST_KEY_UILaunchScreen_Generation[sdk=iphonesimulator*]" = YES;
				"INFOPLIST_KEY_UIStatusBarStyle[sdk=iphoneos*]" = UIStatusBarStyleDefault;
				"INFOPLIST_KEY_UIStatusBarStyle[sdk=iphonesimulator*]" = UIStatusBarStyleDefault;
				INFOPLIST_KEY_UISupportedInterfaceOrientations = UIInterfaceOrientationPortrait;
				IPHONEOS_DEPLOYMENT_TARGET = 16.1;
				LD_RUNPATH_SEARCH_PATHS = "@executable_path/Frameworks";
				"LD_RUNPATH_SEARCH_PATHS[sdk=macosx*]" = "@executable_path/../Frameworks";
				MACOSX_DEPLOYMENT_TARGET = 13.0;
				MARKETING_VERSION = 1.0;
				PRODUCT_BUNDLE_IDENTIFIER = com.movies.MovieApp;
				PRODUCT_NAME = "$(TARGET_NAME)";
				SDKROOT = auto;
				SUPPORTED_PLATFORMS = "iphoneos iphonesimulator";
				SUPPORTS_MACCATALYST = NO;
				SUPPORTS_MAC_DESIGNED_FOR_IPHONE_IPAD = NO;
				SWIFT_EMIT_LOC_STRINGS = YES;
				SWIFT_VERSION = 5.0;
				TARGETED_DEVICE_FAMILY = "1,2";
			};
			name = Debug;
		};
		C93C778C2A70B49A00A2BC1F /* Release */ = {
			isa = XCBuildConfiguration;
			buildSettings = {
				ASSETCATALOG_COMPILER_APPICON_NAME = AppIcon;
				ASSETCATALOG_COMPILER_GLOBAL_ACCENT_COLOR_NAME = AccentColor;
				CODE_SIGN_ENTITLEMENTS = MovieApp/App/MovieApp.entitlements;
				CODE_SIGN_STYLE = Automatic;
				CURRENT_PROJECT_VERSION = 1;
				DEVELOPMENT_ASSET_PATHS = "\"MovieApp/Assets/Preview Content\"";
				ENABLE_PREVIEWS = YES;
				GENERATE_INFOPLIST_FILE = YES;
				"INFOPLIST_KEY_UIApplicationSceneManifest_Generation[sdk=iphoneos*]" = YES;
				"INFOPLIST_KEY_UIApplicationSceneManifest_Generation[sdk=iphonesimulator*]" = YES;
				"INFOPLIST_KEY_UIApplicationSupportsIndirectInputEvents[sdk=iphoneos*]" = YES;
				"INFOPLIST_KEY_UIApplicationSupportsIndirectInputEvents[sdk=iphonesimulator*]" = YES;
				"INFOPLIST_KEY_UILaunchScreen_Generation[sdk=iphoneos*]" = YES;
				"INFOPLIST_KEY_UILaunchScreen_Generation[sdk=iphonesimulator*]" = YES;
				"INFOPLIST_KEY_UIStatusBarStyle[sdk=iphoneos*]" = UIStatusBarStyleDefault;
				"INFOPLIST_KEY_UIStatusBarStyle[sdk=iphonesimulator*]" = UIStatusBarStyleDefault;
				INFOPLIST_KEY_UISupportedInterfaceOrientations = UIInterfaceOrientationPortrait;
				IPHONEOS_DEPLOYMENT_TARGET = 16.1;
				LD_RUNPATH_SEARCH_PATHS = "@executable_path/Frameworks";
				"LD_RUNPATH_SEARCH_PATHS[sdk=macosx*]" = "@executable_path/../Frameworks";
				MACOSX_DEPLOYMENT_TARGET = 13.0;
				MARKETING_VERSION = 1.0;
				PRODUCT_BUNDLE_IDENTIFIER = com.movies.MovieApp;
				PRODUCT_NAME = "$(TARGET_NAME)";
				SDKROOT = auto;
				SUPPORTED_PLATFORMS = "iphoneos iphonesimulator";
				SUPPORTS_MACCATALYST = NO;
				SUPPORTS_MAC_DESIGNED_FOR_IPHONE_IPAD = NO;
				SWIFT_EMIT_LOC_STRINGS = YES;
				SWIFT_VERSION = 5.0;
				TARGETED_DEVICE_FAMILY = "1,2";
			};
			name = Release;
		};
		C93C778E2A70B49A00A2BC1F /* Debug */ = {
			isa = XCBuildConfiguration;
			buildSettings = {
				ALWAYS_EMBED_SWIFT_STANDARD_LIBRARIES = YES;
				BUNDLE_LOADER = "$(TEST_HOST)";
				CODE_SIGN_STYLE = Automatic;
				CURRENT_PROJECT_VERSION = 1;
				GENERATE_INFOPLIST_FILE = YES;
				IPHONEOS_DEPLOYMENT_TARGET = 16.1;
				MACOSX_DEPLOYMENT_TARGET = 13.0;
				MARKETING_VERSION = 1.0;
				PRODUCT_BUNDLE_IDENTIFIER = com.movies.MovieAppTests;
				PRODUCT_NAME = "$(TARGET_NAME)";
				SDKROOT = auto;
				SUPPORTED_PLATFORMS = "iphoneos iphonesimulator";
				SUPPORTS_MACCATALYST = NO;
				SUPPORTS_MAC_DESIGNED_FOR_IPHONE_IPAD = NO;
				SWIFT_EMIT_LOC_STRINGS = NO;
				SWIFT_VERSION = 5.0;
				TARGETED_DEVICE_FAMILY = "1,2";
				TEST_HOST = "$(BUILT_PRODUCTS_DIR)/MovieApp.app/$(BUNDLE_EXECUTABLE_FOLDER_PATH)/MovieApp";
			};
			name = Debug;
		};
		C93C778F2A70B49A00A2BC1F /* Release */ = {
			isa = XCBuildConfiguration;
			buildSettings = {
				ALWAYS_EMBED_SWIFT_STANDARD_LIBRARIES = YES;
				BUNDLE_LOADER = "$(TEST_HOST)";
				CODE_SIGN_STYLE = Automatic;
				CURRENT_PROJECT_VERSION = 1;
				GENERATE_INFOPLIST_FILE = YES;
				IPHONEOS_DEPLOYMENT_TARGET = 16.1;
				MACOSX_DEPLOYMENT_TARGET = 13.0;
				MARKETING_VERSION = 1.0;
				PRODUCT_BUNDLE_IDENTIFIER = com.movies.MovieAppTests;
				PRODUCT_NAME = "$(TARGET_NAME)";
				SDKROOT = auto;
				SUPPORTED_PLATFORMS = "iphoneos iphonesimulator";
				SUPPORTS_MACCATALYST = NO;
				SUPPORTS_MAC_DESIGNED_FOR_IPHONE_IPAD = NO;
				SWIFT_EMIT_LOC_STRINGS = NO;
				SWIFT_VERSION = 5.0;
				TARGETED_DEVICE_FAMILY = "1,2";
				TEST_HOST = "$(BUILT_PRODUCTS_DIR)/MovieApp.app/$(BUNDLE_EXECUTABLE_FOLDER_PATH)/MovieApp";
			};
			name = Release;
		};
/* End XCBuildConfiguration section */

/* Begin XCConfigurationList section */
		C93C77602A70B49900A2BC1F /* Build configuration list for PBXProject "MovieApp" */ = {
			isa = XCConfigurationList;
			buildConfigurations = (
				C93C77882A70B49A00A2BC1F /* Debug */,
				C93C77892A70B49A00A2BC1F /* Release */,
			);
			defaultConfigurationIsVisible = 0;
			defaultConfigurationName = Release;
		};
		C93C778A2A70B49A00A2BC1F /* Build configuration list for PBXNativeTarget "MovieApp" */ = {
			isa = XCConfigurationList;
			buildConfigurations = (
				C93C778B2A70B49A00A2BC1F /* Debug */,
				C93C778C2A70B49A00A2BC1F /* Release */,
			);
			defaultConfigurationIsVisible = 0;
			defaultConfigurationName = Release;
		};
		C93C778D2A70B49A00A2BC1F /* Build configuration list for PBXNativeTarget "MovieAppTests" */ = {
			isa = XCConfigurationList;
			buildConfigurations = (
				C93C778E2A70B49A00A2BC1F /* Debug */,
				C93C778F2A70B49A00A2BC1F /* Release */,
			);
			defaultConfigurationIsVisible = 0;
			defaultConfigurationName = Release;
		};
/* End XCConfigurationList section */
	};
	rootObject = C93C775D2A70B49900A2BC1F /* Project object */;
}
